// !$*UTF8*$!
{
	archiveVersion = 1;
	classes = {
	};
	objectVersion = 51;
	objects = {

/* Begin PBXBuildFile section */
		3A1DECD823FF8F2700F90A0F /* AppDelegate.swift in Sources */ = {isa = PBXBuildFile; fileRef = 3A1DECD723FF8F2700F90A0F /* AppDelegate.swift */; };
		3A1DECDA23FF8F2700F90A0F /* SceneDelegate.swift in Sources */ = {isa = PBXBuildFile; fileRef = 3A1DECD923FF8F2700F90A0F /* SceneDelegate.swift */; };
		3A1DECDC23FF8F2700F90A0F /* ViewController.swift in Sources */ = {isa = PBXBuildFile; fileRef = 3A1DECDB23FF8F2700F90A0F /* ViewController.swift */; };
		3A1DECDF23FF8F2700F90A0F /* Main.storyboard in Resources */ = {isa = PBXBuildFile; fileRef = 3A1DECDD23FF8F2700F90A0F /* Main.storyboard */; };
		3A1DECE123FF8F2800F90A0F /* Assets.xcassets in Resources */ = {isa = PBXBuildFile; fileRef = 3A1DECE023FF8F2800F90A0F /* Assets.xcassets */; };
		3A1DECE423FF8F2800F90A0F /* LaunchScreen.storyboard in Resources */ = {isa = PBXBuildFile; fileRef = 3A1DECE223FF8F2800F90A0F /* LaunchScreen.storyboard */; };
		3A1DECEF23FF8F2900F90A0F /* ChatTests.swift in Sources */ = {isa = PBXBuildFile; fileRef = 3A1DECEE23FF8F2900F90A0F /* ChatTests.swift */; };
		3A1DECFA23FF8F2900F90A0F /* ChatUITests.swift in Sources */ = {isa = PBXBuildFile; fileRef = 3A1DECF923FF8F2900F90A0F /* ChatUITests.swift */; };
		3A1DED0823FF908200F90A0F /* GoogleService-Info.plist in Resources */ = {isa = PBXBuildFile; fileRef = 3A1DED0723FF908100F90A0F /* GoogleService-Info.plist */; };
		3A1DED0A23FFCC1B00F90A0F /* ChatViewController.swift in Sources */ = {isa = PBXBuildFile; fileRef = 3A1DED0923FFCC1B00F90A0F /* ChatViewController.swift */; };
		3A1DED0C2404D7B400F90A0F /* MockMessage.swift in Sources */ = {isa = PBXBuildFile; fileRef = 3A1DED0B2404D7B300F90A0F /* MockMessage.swift */; };
		3A1DED8E2405241900F90A0F /* FirstViewController.swift in Sources */ = {isa = PBXBuildFile; fileRef = 3A1DED8D2405241900F90A0F /* FirstViewController.swift */; };
		3A6765452408E2970004835A /* LoginViewController.swift in Sources */ = {isa = PBXBuildFile; fileRef = 3A6765442408E2970004835A /* LoginViewController.swift */; };
		3A6765472408EA9D0004835A /* mypageViewController.swift in Sources */ = {isa = PBXBuildFile; fileRef = 3A6765462408EA9D0004835A /* mypageViewController.swift */; };
		3A67654924090A9A0004835A /* UserProfileRegisterViewController.swift in Sources */ = {isa = PBXBuildFile; fileRef = 3A67654824090A9A0004835A /* UserProfileRegisterViewController.swift */; };
		5F4709EDA99F44C8B31CE7CF /* Pods_ChatTests.framework in Frameworks */ = {isa = PBXBuildFile; fileRef = A4D675C3E7FCFD9F24157ABA /* Pods_ChatTests.framework */; };
		7D4FCA3F46064F05895DAE42 /* Pods_Chat.framework in Frameworks */ = {isa = PBXBuildFile; fileRef = 5F71D615D924D99E2C352A93 /* Pods_Chat.framework */; };
		7DEB12A74379A31D2E5E75E4 /* Pods_Chat_ChatUITests.framework in Frameworks */ = {isa = PBXBuildFile; fileRef = 1C40058EC28E1F6A1A241B52 /* Pods_Chat_ChatUITests.framework */; };
/* End PBXBuildFile section */

/* Begin PBXContainerItemProxy section */
		3A1DECEB23FF8F2900F90A0F /* PBXContainerItemProxy */ = {
			isa = PBXContainerItemProxy;
			containerPortal = 3A1DECCC23FF8F2700F90A0F /* Project object */;
			proxyType = 1;
			remoteGlobalIDString = 3A1DECD323FF8F2700F90A0F;
			remoteInfo = Chat;
		};
		3A1DECF623FF8F2900F90A0F /* PBXContainerItemProxy */ = {
			isa = PBXContainerItemProxy;
			containerPortal = 3A1DECCC23FF8F2700F90A0F /* Project object */;
			proxyType = 1;
			remoteGlobalIDString = 3A1DECD323FF8F2700F90A0F;
			remoteInfo = Chat;
		};
/* End PBXContainerItemProxy section */

/* Begin PBXFileReference section */
		1C40058EC28E1F6A1A241B52 /* Pods_Chat_ChatUITests.framework */ = {isa = PBXFileReference; explicitFileType = wrapper.framework; includeInIndex = 0; path = Pods_Chat_ChatUITests.framework; sourceTree = BUILT_PRODUCTS_DIR; };
		35A80B5CF0655EF99D2A5269 /* Pods-Chat-ChatUITests.debug.xcconfig */ = {isa = PBXFileReference; includeInIndex = 1; lastKnownFileType = text.xcconfig; name = "Pods-Chat-ChatUITests.debug.xcconfig"; path = "Target Support Files/Pods-Chat-ChatUITests/Pods-Chat-ChatUITests.debug.xcconfig"; sourceTree = "<group>"; };
		381FDAE1B6EC6F5F5C6874B3 /* Pods-Chat.debug.xcconfig */ = {isa = PBXFileReference; includeInIndex = 1; lastKnownFileType = text.xcconfig; name = "Pods-Chat.debug.xcconfig"; path = "Target Support Files/Pods-Chat/Pods-Chat.debug.xcconfig"; sourceTree = "<group>"; };
		3A1DECD423FF8F2700F90A0F /* Chat.app */ = {isa = PBXFileReference; explicitFileType = wrapper.application; includeInIndex = 0; path = Chat.app; sourceTree = BUILT_PRODUCTS_DIR; };
		3A1DECD723FF8F2700F90A0F /* AppDelegate.swift */ = {isa = PBXFileReference; lastKnownFileType = sourcecode.swift; path = AppDelegate.swift; sourceTree = "<group>"; };
		3A1DECD923FF8F2700F90A0F /* SceneDelegate.swift */ = {isa = PBXFileReference; lastKnownFileType = sourcecode.swift; path = SceneDelegate.swift; sourceTree = "<group>"; };
		3A1DECDB23FF8F2700F90A0F /* ViewController.swift */ = {isa = PBXFileReference; lastKnownFileType = sourcecode.swift; path = ViewController.swift; sourceTree = "<group>"; };
		3A1DECDE23FF8F2700F90A0F /* Base */ = {isa = PBXFileReference; lastKnownFileType = file.storyboard; name = Base; path = Base.lproj/Main.storyboard; sourceTree = "<group>"; };
		3A1DECE023FF8F2800F90A0F /* Assets.xcassets */ = {isa = PBXFileReference; lastKnownFileType = folder.assetcatalog; path = Assets.xcassets; sourceTree = "<group>"; };
		3A1DECE323FF8F2800F90A0F /* Base */ = {isa = PBXFileReference; lastKnownFileType = file.storyboard; name = Base; path = Base.lproj/LaunchScreen.storyboard; sourceTree = "<group>"; };
		3A1DECE523FF8F2800F90A0F /* Info.plist */ = {isa = PBXFileReference; lastKnownFileType = text.plist.xml; path = Info.plist; sourceTree = "<group>"; };
		3A1DECEA23FF8F2900F90A0F /* ChatTests.xctest */ = {isa = PBXFileReference; explicitFileType = wrapper.cfbundle; includeInIndex = 0; path = ChatTests.xctest; sourceTree = BUILT_PRODUCTS_DIR; };
		3A1DECEE23FF8F2900F90A0F /* ChatTests.swift */ = {isa = PBXFileReference; lastKnownFileType = sourcecode.swift; path = ChatTests.swift; sourceTree = "<group>"; };
		3A1DECF023FF8F2900F90A0F /* Info.plist */ = {isa = PBXFileReference; lastKnownFileType = text.plist.xml; path = Info.plist; sourceTree = "<group>"; };
		3A1DECF523FF8F2900F90A0F /* ChatUITests.xctest */ = {isa = PBXFileReference; explicitFileType = wrapper.cfbundle; includeInIndex = 0; path = ChatUITests.xctest; sourceTree = BUILT_PRODUCTS_DIR; };
		3A1DECF923FF8F2900F90A0F /* ChatUITests.swift */ = {isa = PBXFileReference; lastKnownFileType = sourcecode.swift; path = ChatUITests.swift; sourceTree = "<group>"; };
		3A1DECFB23FF8F2900F90A0F /* Info.plist */ = {isa = PBXFileReference; lastKnownFileType = text.plist.xml; path = Info.plist; sourceTree = "<group>"; };
		3A1DED0723FF908100F90A0F /* GoogleService-Info.plist */ = {isa = PBXFileReference; fileEncoding = 4; lastKnownFileType = text.plist.xml; path = "GoogleService-Info.plist"; sourceTree = "<group>"; };
		3A1DED0923FFCC1B00F90A0F /* ChatViewController.swift */ = {isa = PBXFileReference; lastKnownFileType = sourcecode.swift; path = ChatViewController.swift; sourceTree = "<group>"; };
		3A1DED0B2404D7B300F90A0F /* MockMessage.swift */ = {isa = PBXFileReference; lastKnownFileType = sourcecode.swift; path = MockMessage.swift; sourceTree = "<group>"; };
		3A1DED8D2405241900F90A0F /* FirstViewController.swift */ = {isa = PBXFileReference; lastKnownFileType = sourcecode.swift; path = FirstViewController.swift; sourceTree = "<group>"; };
		3A6765442408E2970004835A /* LoginViewController.swift */ = {isa = PBXFileReference; lastKnownFileType = sourcecode.swift; path = LoginViewController.swift; sourceTree = "<group>"; };
		3A6765462408EA9D0004835A /* mypageViewController.swift */ = {isa = PBXFileReference; lastKnownFileType = sourcecode.swift; path = mypageViewController.swift; sourceTree = "<group>"; };
		3A67654824090A9A0004835A /* UserProfileRegisterViewController.swift */ = {isa = PBXFileReference; lastKnownFileType = sourcecode.swift; path = UserProfileRegisterViewController.swift; sourceTree = "<group>"; };
		3DB5BC14D097C4A77FEE9D7F /* Pods-ChatTests.release.xcconfig */ = {isa = PBXFileReference; includeInIndex = 1; lastKnownFileType = text.xcconfig; name = "Pods-ChatTests.release.xcconfig"; path = "Target Support Files/Pods-ChatTests/Pods-ChatTests.release.xcconfig"; sourceTree = "<group>"; };
		5F71D615D924D99E2C352A93 /* Pods_Chat.framework */ = {isa = PBXFileReference; explicitFileType = wrapper.framework; includeInIndex = 0; path = Pods_Chat.framework; sourceTree = BUILT_PRODUCTS_DIR; };
		651CA37E16CFC714552F9F7A /* Pods-Chat.release.xcconfig */ = {isa = PBXFileReference; includeInIndex = 1; lastKnownFileType = text.xcconfig; name = "Pods-Chat.release.xcconfig"; path = "Target Support Files/Pods-Chat/Pods-Chat.release.xcconfig"; sourceTree = "<group>"; };
		A4D675C3E7FCFD9F24157ABA /* Pods_ChatTests.framework */ = {isa = PBXFileReference; explicitFileType = wrapper.framework; includeInIndex = 0; path = Pods_ChatTests.framework; sourceTree = BUILT_PRODUCTS_DIR; };
		ED9E304EFB9D7A490F2723C6 /* Pods-ChatTests.debug.xcconfig */ = {isa = PBXFileReference; includeInIndex = 1; lastKnownFileType = text.xcconfig; name = "Pods-ChatTests.debug.xcconfig"; path = "Target Support Files/Pods-ChatTests/Pods-ChatTests.debug.xcconfig"; sourceTree = "<group>"; };
		F959A3488E0449A1DC9B497A /* Pods-Chat-ChatUITests.release.xcconfig */ = {isa = PBXFileReference; includeInIndex = 1; lastKnownFileType = text.xcconfig; name = "Pods-Chat-ChatUITests.release.xcconfig"; path = "Target Support Files/Pods-Chat-ChatUITests/Pods-Chat-ChatUITests.release.xcconfig"; sourceTree = "<group>"; };
/* End PBXFileReference section */

/* Begin PBXFrameworksBuildPhase section */
		3A1DECD123FF8F2700F90A0F /* Frameworks */ = {
			isa = PBXFrameworksBuildPhase;
			buildActionMask = 2147483647;
			files = (
				7D4FCA3F46064F05895DAE42 /* Pods_Chat.framework in Frameworks */,
			);
			runOnlyForDeploymentPostprocessing = 0;
		};
		3A1DECE723FF8F2900F90A0F /* Frameworks */ = {
			isa = PBXFrameworksBuildPhase;
			buildActionMask = 2147483647;
			files = (
				5F4709EDA99F44C8B31CE7CF /* Pods_ChatTests.framework in Frameworks */,
			);
			runOnlyForDeploymentPostprocessing = 0;
		};
		3A1DECF223FF8F2900F90A0F /* Frameworks */ = {
			isa = PBXFrameworksBuildPhase;
			buildActionMask = 2147483647;
			files = (
				7DEB12A74379A31D2E5E75E4 /* Pods_Chat_ChatUITests.framework in Frameworks */,
			);
			runOnlyForDeploymentPostprocessing = 0;
		};
/* End PBXFrameworksBuildPhase section */

/* Begin PBXGroup section */
		3A1DECCB23FF8F2700F90A0F = {
			isa = PBXGroup;
			children = (
				3A1DECD623FF8F2700F90A0F /* Chat */,
				3A1DECED23FF8F2900F90A0F /* ChatTests */,
				3A1DECF823FF8F2900F90A0F /* ChatUITests */,
				3A1DECD523FF8F2700F90A0F /* Products */,
				B16DFAD1DFC155532BF0F14E /* Pods */,
				DFC3A3CBB6618E3946C85D2C /* Frameworks */,
			);
			sourceTree = "<group>";
		};
		3A1DECD523FF8F2700F90A0F /* Products */ = {
			isa = PBXGroup;
			children = (
				3A1DECD423FF8F2700F90A0F /* Chat.app */,
				3A1DECEA23FF8F2900F90A0F /* ChatTests.xctest */,
				3A1DECF523FF8F2900F90A0F /* ChatUITests.xctest */,
			);
			name = Products;
			sourceTree = "<group>";
		};
		3A1DECD623FF8F2700F90A0F /* Chat */ = {
			isa = PBXGroup;
			children = (
				3A1DED0723FF908100F90A0F /* GoogleService-Info.plist */,
				3A1DECD723FF8F2700F90A0F /* AppDelegate.swift */,
				3A1DECD923FF8F2700F90A0F /* SceneDelegate.swift */,
				3A1DECDB23FF8F2700F90A0F /* ViewController.swift */,
				3A1DECDD23FF8F2700F90A0F /* Main.storyboard */,
				3A1DECE023FF8F2800F90A0F /* Assets.xcassets */,
				3A1DECE223FF8F2800F90A0F /* LaunchScreen.storyboard */,
				3A1DECE523FF8F2800F90A0F /* Info.plist */,
				3A1DED0923FFCC1B00F90A0F /* ChatViewController.swift */,
				3A1DED0B2404D7B300F90A0F /* MockMessage.swift */,
				3A1DED8D2405241900F90A0F /* FirstViewController.swift */,
				3A6765442408E2970004835A /* LoginViewController.swift */,
				3A6765462408EA9D0004835A /* mypageViewController.swift */,
				3A67654824090A9A0004835A /* UserProfileRegisterViewController.swift */,
			);
			path = Chat;
			sourceTree = "<group>";
		};
		3A1DECED23FF8F2900F90A0F /* ChatTests */ = {
			isa = PBXGroup;
			children = (
				3A1DECEE23FF8F2900F90A0F /* ChatTests.swift */,
				3A1DECF023FF8F2900F90A0F /* Info.plist */,
			);
			path = ChatTests;
			sourceTree = "<group>";
		};
		3A1DECF823FF8F2900F90A0F /* ChatUITests */ = {
			isa = PBXGroup;
			children = (
				3A1DECF923FF8F2900F90A0F /* ChatUITests.swift */,
				3A1DECFB23FF8F2900F90A0F /* Info.plist */,
			);
			path = ChatUITests;
			sourceTree = "<group>";
		};
		B16DFAD1DFC155532BF0F14E /* Pods */ = {
			isa = PBXGroup;
			children = (
				381FDAE1B6EC6F5F5C6874B3 /* Pods-Chat.debug.xcconfig */,
				651CA37E16CFC714552F9F7A /* Pods-Chat.release.xcconfig */,
				35A80B5CF0655EF99D2A5269 /* Pods-Chat-ChatUITests.debug.xcconfig */,
				F959A3488E0449A1DC9B497A /* Pods-Chat-ChatUITests.release.xcconfig */,
				ED9E304EFB9D7A490F2723C6 /* Pods-ChatTests.debug.xcconfig */,
				3DB5BC14D097C4A77FEE9D7F /* Pods-ChatTests.release.xcconfig */,
			);
			path = Pods;
			sourceTree = "<group>";
		};
		DFC3A3CBB6618E3946C85D2C /* Frameworks */ = {
			isa = PBXGroup;
			children = (
				5F71D615D924D99E2C352A93 /* Pods_Chat.framework */,
				1C40058EC28E1F6A1A241B52 /* Pods_Chat_ChatUITests.framework */,
				A4D675C3E7FCFD9F24157ABA /* Pods_ChatTests.framework */,
			);
			name = Frameworks;
			sourceTree = "<group>";
		};
/* End PBXGroup section */

/* Begin PBXNativeTarget section */
		3A1DECD323FF8F2700F90A0F /* Chat */ = {
			isa = PBXNativeTarget;
			buildConfigurationList = 3A1DECFE23FF8F2900F90A0F /* Build configuration list for PBXNativeTarget "Chat" */;
			buildPhases = (
				95678F9CCE7F39CFEF42367C /* [CP] Check Pods Manifest.lock */,
				3A1DECD023FF8F2700F90A0F /* Sources */,
				3A1DECD123FF8F2700F90A0F /* Frameworks */,
				3A1DECD223FF8F2700F90A0F /* Resources */,
				75B45BBF8ABAD95F0498BDE4 /* [CP] Embed Pods Frameworks */,
			);
			buildRules = (
			);
			dependencies = (
			);
			name = Chat;
			productName = Chat;
			productReference = 3A1DECD423FF8F2700F90A0F /* Chat.app */;
			productType = "com.apple.product-type.application";
		};
		3A1DECE923FF8F2900F90A0F /* ChatTests */ = {
			isa = PBXNativeTarget;
			buildConfigurationList = 3A1DED0123FF8F2900F90A0F /* Build configuration list for PBXNativeTarget "ChatTests" */;
			buildPhases = (
				3EB8B341DF52C792E8D93B0A /* [CP] Check Pods Manifest.lock */,
				3A1DECE623FF8F2900F90A0F /* Sources */,
				3A1DECE723FF8F2900F90A0F /* Frameworks */,
				3A1DECE823FF8F2900F90A0F /* Resources */,
			);
			buildRules = (
			);
			dependencies = (
				3A1DECEC23FF8F2900F90A0F /* PBXTargetDependency */,
			);
			name = ChatTests;
			productName = ChatTests;
			productReference = 3A1DECEA23FF8F2900F90A0F /* ChatTests.xctest */;
			productType = "com.apple.product-type.bundle.unit-test";
		};
		3A1DECF423FF8F2900F90A0F /* ChatUITests */ = {
			isa = PBXNativeTarget;
			buildConfigurationList = 3A1DED0423FF8F2900F90A0F /* Build configuration list for PBXNativeTarget "ChatUITests" */;
			buildPhases = (
				7D36DB35FCF64F273FB25F40 /* [CP] Check Pods Manifest.lock */,
				3A1DECF123FF8F2900F90A0F /* Sources */,
				3A1DECF223FF8F2900F90A0F /* Frameworks */,
				3A1DECF323FF8F2900F90A0F /* Resources */,
				7A8706D0995A00F033268818 /* [CP] Embed Pods Frameworks */,
			);
			buildRules = (
			);
			dependencies = (
				3A1DECF723FF8F2900F90A0F /* PBXTargetDependency */,
			);
			name = ChatUITests;
			productName = ChatUITests;
			productReference = 3A1DECF523FF8F2900F90A0F /* ChatUITests.xctest */;
			productType = "com.apple.product-type.bundle.ui-testing";
		};
/* End PBXNativeTarget section */

/* Begin PBXProject section */
		3A1DECCC23FF8F2700F90A0F /* Project object */ = {
			isa = PBXProject;
			attributes = {
				LastSwiftUpdateCheck = 1130;
				LastUpgradeCheck = 1130;
				ORGANIZATIONNAME = "mai kanda";
				TargetAttributes = {
					3A1DECD323FF8F2700F90A0F = {
						CreatedOnToolsVersion = 11.3.1;
					};
					3A1DECE923FF8F2900F90A0F = {
						CreatedOnToolsVersion = 11.3.1;
						TestTargetID = 3A1DECD323FF8F2700F90A0F;
					};
					3A1DECF423FF8F2900F90A0F = {
						CreatedOnToolsVersion = 11.3.1;
						TestTargetID = 3A1DECD323FF8F2700F90A0F;
					};
				};
			};
			buildConfigurationList = 3A1DECCF23FF8F2700F90A0F /* Build configuration list for PBXProject "Chat" */;
			compatibilityVersion = "Xcode 9.3";
			developmentRegion = en;
			hasScannedForEncodings = 0;
			knownRegions = (
				en,
				Base,
			);
			mainGroup = 3A1DECCB23FF8F2700F90A0F;
			productRefGroup = 3A1DECD523FF8F2700F90A0F /* Products */;
			projectDirPath = "";
			projectRoot = "";
			targets = (
				3A1DECD323FF8F2700F90A0F /* Chat */,
				3A1DECE923FF8F2900F90A0F /* ChatTests */,
				3A1DECF423FF8F2900F90A0F /* ChatUITests */,
			);
		};
/* End PBXProject section */

/* Begin PBXResourcesBuildPhase section */
		3A1DECD223FF8F2700F90A0F /* Resources */ = {
			isa = PBXResourcesBuildPhase;
			buildActionMask = 2147483647;
			files = (
				3A1DECE423FF8F2800F90A0F /* LaunchScreen.storyboard in Resources */,
				3A1DED0823FF908200F90A0F /* GoogleService-Info.plist in Resources */,
				3A1DECE123FF8F2800F90A0F /* Assets.xcassets in Resources */,
				3A1DECDF23FF8F2700F90A0F /* Main.storyboard in Resources */,
			);
			runOnlyForDeploymentPostprocessing = 0;
		};
		3A1DECE823FF8F2900F90A0F /* Resources */ = {
			isa = PBXResourcesBuildPhase;
			buildActionMask = 2147483647;
			files = (
			);
			runOnlyForDeploymentPostprocessing = 0;
		};
		3A1DECF323FF8F2900F90A0F /* Resources */ = {
			isa = PBXResourcesBuildPhase;
			buildActionMask = 2147483647;
			files = (
			);
			runOnlyForDeploymentPostprocessing = 0;
		};
/* End PBXResourcesBuildPhase section */

/* Begin PBXShellScriptBuildPhase section */
		3EB8B341DF52C792E8D93B0A /* [CP] Check Pods Manifest.lock */ = {
			isa = PBXShellScriptBuildPhase;
			buildActionMask = 2147483647;
			files = (
			);
			inputFileListPaths = (
			);
			inputPaths = (
				"${PODS_PODFILE_DIR_PATH}/Podfile.lock",
				"${PODS_ROOT}/Manifest.lock",
			);
			name = "[CP] Check Pods Manifest.lock";
			outputFileListPaths = (
			);
			outputPaths = (
				"$(DERIVED_FILE_DIR)/Pods-ChatTests-checkManifestLockResult.txt",
			);
			runOnlyForDeploymentPostprocessing = 0;
			shellPath = /bin/sh;
			shellScript = "diff \"${PODS_PODFILE_DIR_PATH}/Podfile.lock\" \"${PODS_ROOT}/Manifest.lock\" > /dev/null\nif [ $? != 0 ] ; then\n    # print error to STDERR\n    echo \"error: The sandbox is not in sync with the Podfile.lock. Run 'pod install' or update your CocoaPods installation.\" >&2\n    exit 1\nfi\n# This output is used by Xcode 'outputs' to avoid re-running this script phase.\necho \"SUCCESS\" > \"${SCRIPT_OUTPUT_FILE_0}\"\n";
			showEnvVarsInLog = 0;
		};
		75B45BBF8ABAD95F0498BDE4 /* [CP] Embed Pods Frameworks */ = {
			isa = PBXShellScriptBuildPhase;
			buildActionMask = 2147483647;
			files = (
			);
			inputFileListPaths = (
				"${PODS_ROOT}/Target Support Files/Pods-Chat/Pods-Chat-frameworks-${CONFIGURATION}-input-files.xcfilelist",
			);
			name = "[CP] Embed Pods Frameworks";
			outputFileListPaths = (
				"${PODS_ROOT}/Target Support Files/Pods-Chat/Pods-Chat-frameworks-${CONFIGURATION}-output-files.xcfilelist",
			);
			runOnlyForDeploymentPostprocessing = 0;
			shellPath = /bin/sh;
			shellScript = "\"${PODS_ROOT}/Target Support Files/Pods-Chat/Pods-Chat-frameworks.sh\"\n";
			showEnvVarsInLog = 0;
		};
		7A8706D0995A00F033268818 /* [CP] Embed Pods Frameworks */ = {
			isa = PBXShellScriptBuildPhase;
			buildActionMask = 2147483647;
			files = (
			);
			inputFileListPaths = (
				"${PODS_ROOT}/Target Support Files/Pods-Chat-ChatUITests/Pods-Chat-ChatUITests-frameworks-${CONFIGURATION}-input-files.xcfilelist",
			);
			name = "[CP] Embed Pods Frameworks";
			outputFileListPaths = (
				"${PODS_ROOT}/Target Support Files/Pods-Chat-ChatUITests/Pods-Chat-ChatUITests-frameworks-${CONFIGURATION}-output-files.xcfilelist",
			);
			runOnlyForDeploymentPostprocessing = 0;
			shellPath = /bin/sh;
			shellScript = "\"${PODS_ROOT}/Target Support Files/Pods-Chat-ChatUITests/Pods-Chat-ChatUITests-frameworks.sh\"\n";
			showEnvVarsInLog = 0;
		};
		7D36DB35FCF64F273FB25F40 /* [CP] Check Pods Manifest.lock */ = {
			isa = PBXShellScriptBuildPhase;
			buildActionMask = 2147483647;
			files = (
			);
			inputFileListPaths = (
			);
			inputPaths = (
				"${PODS_PODFILE_DIR_PATH}/Podfile.lock",
				"${PODS_ROOT}/Manifest.lock",
			);
			name = "[CP] Check Pods Manifest.lock";
			outputFileListPaths = (
			);
			outputPaths = (
				"$(DERIVED_FILE_DIR)/Pods-Chat-ChatUITests-checkManifestLockResult.txt",
			);
			runOnlyForDeploymentPostprocessing = 0;
			shellPath = /bin/sh;
			shellScript = "diff \"${PODS_PODFILE_DIR_PATH}/Podfile.lock\" \"${PODS_ROOT}/Manifest.lock\" > /dev/null\nif [ $? != 0 ] ; then\n    # print error to STDERR\n    echo \"error: The sandbox is not in sync with the Podfile.lock. Run 'pod install' or update your CocoaPods installation.\" >&2\n    exit 1\nfi\n# This output is used by Xcode 'outputs' to avoid re-running this script phase.\necho \"SUCCESS\" > \"${SCRIPT_OUTPUT_FILE_0}\"\n";
			showEnvVarsInLog = 0;
		};
		95678F9CCE7F39CFEF42367C /* [CP] Check Pods Manifest.lock */ = {
			isa = PBXShellScriptBuildPhase;
			buildActionMask = 2147483647;
			files = (
			);
			inputFileListPaths = (
			);
			inputPaths = (
				"${PODS_PODFILE_DIR_PATH}/Podfile.lock",
				"${PODS_ROOT}/Manifest.lock",
			);
			name = "[CP] Check Pods Manifest.lock";
			outputFileListPaths = (
			);
			outputPaths = (
				"$(DERIVED_FILE_DIR)/Pods-Chat-checkManifestLockResult.txt",
			);
			runOnlyForDeploymentPostprocessing = 0;
			shellPath = /bin/sh;
			shellScript = "diff \"${PODS_PODFILE_DIR_PATH}/Podfile.lock\" \"${PODS_ROOT}/Manifest.lock\" > /dev/null\nif [ $? != 0 ] ; then\n    # print error to STDERR\n    echo \"error: The sandbox is not in sync with the Podfile.lock. Run 'pod install' or update your CocoaPods installation.\" >&2\n    exit 1\nfi\n# This output is used by Xcode 'outputs' to avoid re-running this script phase.\necho \"SUCCESS\" > \"${SCRIPT_OUTPUT_FILE_0}\"\n";
			showEnvVarsInLog = 0;
		};
/* End PBXShellScriptBuildPhase section */

/* Begin PBXSourcesBuildPhase section */
		3A1DECD023FF8F2700F90A0F /* Sources */ = {
			isa = PBXSourcesBuildPhase;
			buildActionMask = 2147483647;
			files = (
				3A6765452408E2970004835A /* LoginViewController.swift in Sources */,
				3A1DECDC23FF8F2700F90A0F /* ViewController.swift in Sources */,
				3A1DED0C2404D7B400F90A0F /* MockMessage.swift in Sources */,
				3A67654924090A9A0004835A /* UserProfileRegisterViewController.swift in Sources */,
				3A1DECD823FF8F2700F90A0F /* AppDelegate.swift in Sources */,
				3A1DED8E2405241900F90A0F /* FirstViewController.swift in Sources */,
				3A1DED0A23FFCC1B00F90A0F /* ChatViewController.swift in Sources */,
				3A1DECDA23FF8F2700F90A0F /* SceneDelegate.swift in Sources */,
				3A6765472408EA9D0004835A /* mypageViewController.swift in Sources */,
			);
			runOnlyForDeploymentPostprocessing = 0;
		};
		3A1DECE623FF8F2900F90A0F /* Sources */ = {
			isa = PBXSourcesBuildPhase;
			buildActionMask = 2147483647;
			files = (
				3A1DECEF23FF8F2900F90A0F /* ChatTests.swift in Sources */,
			);
			runOnlyForDeploymentPostprocessing = 0;
		};
		3A1DECF123FF8F2900F90A0F /* Sources */ = {
			isa = PBXSourcesBuildPhase;
			buildActionMask = 2147483647;
			files = (
				3A1DECFA23FF8F2900F90A0F /* ChatUITests.swift in Sources */,
			);
			runOnlyForDeploymentPostprocessing = 0;
		};
/* End PBXSourcesBuildPhase section */

/* Begin PBXTargetDependency section */
		3A1DECEC23FF8F2900F90A0F /* PBXTargetDependency */ = {
			isa = PBXTargetDependency;
			target = 3A1DECD323FF8F2700F90A0F /* Chat */;
			targetProxy = 3A1DECEB23FF8F2900F90A0F /* PBXContainerItemProxy */;
		};
		3A1DECF723FF8F2900F90A0F /* PBXTargetDependency */ = {
			isa = PBXTargetDependency;
			target = 3A1DECD323FF8F2700F90A0F /* Chat */;
			targetProxy = 3A1DECF623FF8F2900F90A0F /* PBXContainerItemProxy */;
		};
/* End PBXTargetDependency section */

/* Begin PBXVariantGroup section */
		3A1DECDD23FF8F2700F90A0F /* Main.storyboard */ = {
			isa = PBXVariantGroup;
			children = (
				3A1DECDE23FF8F2700F90A0F /* Base */,
			);
			name = Main.storyboard;
			sourceTree = "<group>";
		};
		3A1DECE223FF8F2800F90A0F /* LaunchScreen.storyboard */ = {
			isa = PBXVariantGroup;
			children = (
				3A1DECE323FF8F2800F90A0F /* Base */,
			);
			name = LaunchScreen.storyboard;
			sourceTree = "<group>";
		};
/* End PBXVariantGroup section */

/* Begin XCBuildConfiguration section */
		3A1DECFC23FF8F2900F90A0F /* Debug */ = {
			isa = XCBuildConfiguration;
			buildSettings = {
				ALWAYS_SEARCH_USER_PATHS = NO;
				CLANG_ANALYZER_NONNULL = YES;
				CLANG_ANALYZER_NUMBER_OBJECT_CONVERSION = YES_AGGRESSIVE;
				CLANG_CXX_LANGUAGE_STANDARD = "gnu++14";
				CLANG_CXX_LIBRARY = "libc++";
				CLANG_ENABLE_MODULES = YES;
				CLANG_ENABLE_OBJC_ARC = YES;
				CLANG_ENABLE_OBJC_WEAK = YES;
				CLANG_WARN_BLOCK_CAPTURE_AUTORELEASING = YES;
				CLANG_WARN_BOOL_CONVERSION = YES;
				CLANG_WARN_COMMA = YES;
				CLANG_WARN_CONSTANT_CONVERSION = YES;
				CLANG_WARN_DEPRECATED_OBJC_IMPLEMENTATIONS = YES;
				CLANG_WARN_DIRECT_OBJC_ISA_USAGE = YES_ERROR;
				CLANG_WARN_DOCUMENTATION_COMMENTS = YES;
				CLANG_WARN_EMPTY_BODY = YES;
				CLANG_WARN_ENUM_CONVERSION = YES;
				CLANG_WARN_INFINITE_RECURSION = YES;
				CLANG_WARN_INT_CONVERSION = YES;
				CLANG_WARN_NON_LITERAL_NULL_CONVERSION = YES;
				CLANG_WARN_OBJC_IMPLICIT_RETAIN_SELF = YES;
				CLANG_WARN_OBJC_LITERAL_CONVERSION = YES;
				CLANG_WARN_OBJC_ROOT_CLASS = YES_ERROR;
				CLANG_WARN_RANGE_LOOP_ANALYSIS = YES;
				CLANG_WARN_STRICT_PROTOTYPES = YES;
				CLANG_WARN_SUSPICIOUS_MOVE = YES;
				CLANG_WARN_UNGUARDED_AVAILABILITY = YES_AGGRESSIVE;
				CLANG_WARN_UNREACHABLE_CODE = YES;
				CLANG_WARN__DUPLICATE_METHOD_MATCH = YES;
				COPY_PHASE_STRIP = NO;
				DEBUG_INFORMATION_FORMAT = dwarf;
				ENABLE_STRICT_OBJC_MSGSEND = YES;
				ENABLE_TESTABILITY = YES;
				GCC_C_LANGUAGE_STANDARD = gnu11;
				GCC_DYNAMIC_NO_PIC = NO;
				GCC_NO_COMMON_BLOCKS = YES;
				GCC_OPTIMIZATION_LEVEL = 0;
				GCC_PREPROCESSOR_DEFINITIONS = (
					"DEBUG=1",
					"$(inherited)",
				);
				GCC_WARN_64_TO_32_BIT_CONVERSION = YES;
				GCC_WARN_ABOUT_RETURN_TYPE = YES_ERROR;
				GCC_WARN_UNDECLARED_SELECTOR = YES;
				GCC_WARN_UNINITIALIZED_AUTOS = YES_AGGRESSIVE;
				GCC_WARN_UNUSED_FUNCTION = YES;
				GCC_WARN_UNUSED_VARIABLE = YES;
				IPHONEOS_DEPLOYMENT_TARGET = 13.2;
				MTL_ENABLE_DEBUG_INFO = INCLUDE_SOURCE;
				MTL_FAST_MATH = YES;
				ONLY_ACTIVE_ARCH = YES;
				SDKROOT = iphoneos;
				SWIFT_ACTIVE_COMPILATION_CONDITIONS = DEBUG;
				SWIFT_OPTIMIZATION_LEVEL = "-Onone";
			};
			name = Debug;
		};
		3A1DECFD23FF8F2900F90A0F /* Release */ = {
			isa = XCBuildConfiguration;
			buildSettings = {
				ALWAYS_SEARCH_USER_PATHS = NO;
				CLANG_ANALYZER_NONNULL = YES;
				CLANG_ANALYZER_NUMBER_OBJECT_CONVERSION = YES_AGGRESSIVE;
				CLANG_CXX_LANGUAGE_STANDARD = "gnu++14";
				CLANG_CXX_LIBRARY = "libc++";
				CLANG_ENABLE_MODULES = YES;
				CLANG_ENABLE_OBJC_ARC = YES;
				CLANG_ENABLE_OBJC_WEAK = YES;
				CLANG_WARN_BLOCK_CAPTURE_AUTORELEASING = YES;
				CLANG_WARN_BOOL_CONVERSION = YES;
				CLANG_WARN_COMMA = YES;
				CLANG_WARN_CONSTANT_CONVERSION = YES;
				CLANG_WARN_DEPRECATED_OBJC_IMPLEMENTATIONS = YES;
				CLANG_WARN_DIRECT_OBJC_ISA_USAGE = YES_ERROR;
				CLANG_WARN_DOCUMENTATION_COMMENTS = YES;
				CLANG_WARN_EMPTY_BODY = YES;
				CLANG_WARN_ENUM_CONVERSION = YES;
				CLANG_WARN_INFINITE_RECURSION = YES;
				CLANG_WARN_INT_CONVERSION = YES;
				CLANG_WARN_NON_LITERAL_NULL_CONVERSION = YES;
				CLANG_WARN_OBJC_IMPLICIT_RETAIN_SELF = YES;
				CLANG_WARN_OBJC_LITERAL_CONVERSION = YES;
				CLANG_WARN_OBJC_ROOT_CLASS = YES_ERROR;
				CLANG_WARN_RANGE_LOOP_ANALYSIS = YES;
				CLANG_WARN_STRICT_PROTOTYPES = YES;
				CLANG_WARN_SUSPICIOUS_MOVE = YES;
				CLANG_WARN_UNGUARDED_AVAILABILITY = YES_AGGRESSIVE;
				CLANG_WARN_UNREACHABLE_CODE = YES;
				CLANG_WARN__DUPLICATE_METHOD_MATCH = YES;
				COPY_PHASE_STRIP = NO;
				DEBUG_INFORMATION_FORMAT = "dwarf-with-dsym";
				ENABLE_NS_ASSERTIONS = NO;
				ENABLE_STRICT_OBJC_MSGSEND = YES;
				GCC_C_LANGUAGE_STANDARD = gnu11;
				GCC_NO_COMMON_BLOCKS = YES;
				GCC_WARN_64_TO_32_BIT_CONVERSION = YES;
				GCC_WARN_ABOUT_RETURN_TYPE = YES_ERROR;
				GCC_WARN_UNDECLARED_SELECTOR = YES;
				GCC_WARN_UNINITIALIZED_AUTOS = YES_AGGRESSIVE;
				GCC_WARN_UNUSED_FUNCTION = YES;
				GCC_WARN_UNUSED_VARIABLE = YES;
				IPHONEOS_DEPLOYMENT_TARGET = 13.2;
				MTL_ENABLE_DEBUG_INFO = NO;
				MTL_FAST_MATH = YES;
				SDKROOT = iphoneos;
				SWIFT_COMPILATION_MODE = wholemodule;
				SWIFT_OPTIMIZATION_LEVEL = "-O";
				VALIDATE_PRODUCT = YES;
			};
			name = Release;
		};
		3A1DECFF23FF8F2900F90A0F /* Debug */ = {
			isa = XCBuildConfiguration;
			baseConfigurationReference = 381FDAE1B6EC6F5F5C6874B3 /* Pods-Chat.debug.xcconfig */;
			buildSettings = {
				ASSETCATALOG_COMPILER_APPICON_NAME = AppIcon;
				CODE_SIGN_STYLE = Automatic;
				INFOPLIST_FILE = Chat/Info.plist;
				LD_RUNPATH_SEARCH_PATHS = (
					"$(inherited)",
					"@executable_path/Frameworks",
				);
				PRODUCT_BUNDLE_IDENTIFIER = com.mai.kanda.Chat;
				PRODUCT_NAME = "$(TARGET_NAME)";
				SWIFT_VERSION = 5.0;
				TARGETED_DEVICE_FAMILY = "1,2";
			};
			name = Debug;
		};
		3A1DED0023FF8F2900F90A0F /* Release */ = {
			isa = XCBuildConfiguration;
			baseConfigurationReference = 651CA37E16CFC714552F9F7A /* Pods-Chat.release.xcconfig */;
			buildSettings = {
				ASSETCATALOG_COMPILER_APPICON_NAME = AppIcon;
				CODE_SIGN_STYLE = Automatic;
				INFOPLIST_FILE = Chat/Info.plist;
				LD_RUNPATH_SEARCH_PATHS = (
					"$(inherited)",
					"@executable_path/Frameworks",
				);
				PRODUCT_BUNDLE_IDENTIFIER = com.mai.kanda.Chat;
				PRODUCT_NAME = "$(TARGET_NAME)";
				SWIFT_VERSION = 5.0;
				TARGETED_DEVICE_FAMILY = "1,2";
			};
			name = Release;
		};
		3A1DED0223FF8F2900F90A0F /* Debug */ = {
			isa = XCBuildConfiguration;
			baseConfigurationReference = ED9E304EFB9D7A490F2723C6 /* Pods-ChatTests.debug.xcconfig */;
			buildSettings = {
				ALWAYS_EMBED_SWIFT_STANDARD_LIBRARIES = YES;
				BUNDLE_LOADER = "$(TEST_HOST)";
				CODE_SIGN_STYLE = Automatic;
				INFOPLIST_FILE = ChatTests/Info.plist;
				IPHONEOS_DEPLOYMENT_TARGET = 13.2;
				LD_RUNPATH_SEARCH_PATHS = (
					"$(inherited)",
					"@executable_path/Frameworks",
					"@loader_path/Frameworks",
				);
				PRODUCT_BUNDLE_IDENTIFIER = com.mai.kanda.ChatTests;
				PRODUCT_NAME = "$(TARGET_NAME)";
				SWIFT_VERSION = 5.0;
				TARGETED_DEVICE_FAMILY = "1,2";
				TEST_HOST = "$(BUILT_PRODUCTS_DIR)/Chat.app/Chat";
			};
			name = Debug;
		};
		3A1DED0323FF8F2900F90A0F /* Release */ = {
			isa = XCBuildConfiguration;
			baseConfigurationReference = 3DB5BC14D097C4A77FEE9D7F /* Pods-ChatTests.release.xcconfig */;
			buildSettings = {
				ALWAYS_EMBED_SWIFT_STANDARD_LIBRARIES = YES;
				BUNDLE_LOADER = "$(TEST_HOST)";
				CODE_SIGN_STYLE = Automatic;
				INFOPLIST_FILE = ChatTests/Info.plist;
				IPHONEOS_DEPLOYMENT_TARGET = 13.2;
				LD_RUNPATH_SEARCH_PATHS = (
					"$(inherited)",
					"@executable_path/Frameworks",
					"@loader_path/Frameworks",
				);
				PRODUCT_BUNDLE_IDENTIFIER = com.mai.kanda.ChatTests;
				PRODUCT_NAME = "$(TARGET_NAME)";
				SWIFT_VERSION = 5.0;
				TARGETED_DEVICE_FAMILY = "1,2";
				TEST_HOST = "$(BUILT_PRODUCTS_DIR)/Chat.app/Chat";
			};
			name = Release;
		};
		3A1DED0523FF8F2900F90A0F /* Debug */ = {
			isa = XCBuildConfiguration;
			baseConfigurationReference = 35A80B5CF0655EF99D2A5269 /* Pods-Chat-ChatUITests.debug.xcconfig */;
			buildSettings = {
				ALWAYS_EMBED_SWIFT_STANDARD_LIBRARIES = YES;
				CODE_SIGN_STYLE = Automatic;
				INFOPLIST_FILE = ChatUITests/Info.plist;
				LD_RUNPATH_SEARCH_PATHS = (
					"$(inherited)",
					"@executable_path/Frameworks",
					"@loader_path/Frameworks",
				);
				PRODUCT_BUNDLE_IDENTIFIER = com.mai.kanda.ChatUITests;
				PRODUCT_NAME = "$(TARGET_NAME)";
				SWIFT_VERSION = 5.0;
				TARGETED_DEVICE_FAMILY = "1,2";
				TEST_TARGET_NAME = Chat;
			};
			name = Debug;
		};
		3A1DED0623FF8F2900F90A0F /* Release */ = {
			isa = XCBuildConfiguration;
			baseConfigurationReference = F959A3488E0449A1DC9B497A /* Pods-Chat-ChatUITests.release.xcconfig */;
			buildSettings = {
				ALWAYS_EMBED_SWIFT_STANDARD_LIBRARIES = YES;
				CODE_SIGN_STYLE = Automatic;
				INFOPLIST_FILE = ChatUITests/Info.plist;
				LD_RUNPATH_SEARCH_PATHS = (
					"$(inherited)",
					"@executable_path/Frameworks",
					"@loader_path/Frameworks",
				);
				PRODUCT_BUNDLE_IDENTIFIER = com.mai.kanda.ChatUITests;
				PRODUCT_NAME = "$(TARGET_NAME)";
				SWIFT_VERSION = 5.0;
				TARGETED_DEVICE_FAMILY = "1,2";
				TEST_TARGET_NAME = Chat;
			};
			name = Release;
		};
/* End XCBuildConfiguration section */

/* Begin XCConfigurationList section */
		3A1DECCF23FF8F2700F90A0F /* Build configuration list for PBXProject "Chat" */ = {
			isa = XCConfigurationList;
			buildConfigurations = (
				3A1DECFC23FF8F2900F90A0F /* Debug */,
				3A1DECFD23FF8F2900F90A0F /* Release */,
			);
			defaultConfigurationIsVisible = 0;
			defaultConfigurationName = Release;
		};
		3A1DECFE23FF8F2900F90A0F /* Build configuration list for PBXNativeTarget "Chat" */ = {
			isa = XCConfigurationList;
			buildConfigurations = (
				3A1DECFF23FF8F2900F90A0F /* Debug */,
				3A1DED0023FF8F2900F90A0F /* Release */,
			);
			defaultConfigurationIsVisible = 0;
			defaultConfigurationName = Release;
		};
		3A1DED0123FF8F2900F90A0F /* Build configuration list for PBXNativeTarget "ChatTests" */ = {
			isa = XCConfigurationList;
			buildConfigurations = (
				3A1DED0223FF8F2900F90A0F /* Debug */,
				3A1DED0323FF8F2900F90A0F /* Release */,
			);
			defaultConfigurationIsVisible = 0;
			defaultConfigurationName = Release;
		};
		3A1DED0423FF8F2900F90A0F /* Build configuration list for PBXNativeTarget "ChatUITests" */ = {
			isa = XCConfigurationList;
			buildConfigurations = (
				3A1DED0523FF8F2900F90A0F /* Debug */,
				3A1DED0623FF8F2900F90A0F /* Release */,
			);
			defaultConfigurationIsVisible = 0;
			defaultConfigurationName = Release;
		};
/* End XCConfigurationList section */
	};
	rootObject = 3A1DECCC23FF8F2700F90A0F /* Project object */;
}
